
Microsoft Visual Studio Solution File, Format Version 11.00
# Visual Studio 2010
Project("{FAE04EC0-301F-11D3-BF4B-00C04F79EFBC}") = "CardArena", "Assembly-CSharp.csproj", "{7805B41F-8A41-5283-35B0-255D0D833EC8}"
EndProject
Project("{FAE04EC0-301F-11D3-BF4B-00C04F79EFBC}") = "CardArena", "Assembly-CSharp-Editor.csproj", "{A4891EB2-7323-04F7-2D9C-7C9E8C737B08}"
EndProject
Global
	GlobalSection(SolutionConfigurationPlatforms) = preSolution
		Debug|Any CPU = Debug|Any CPU
		Release|Any CPU = Release|Any CPU
	EndGlobalSection
	GlobalSection(ProjectConfigurationPlatforms) = postSolution
		{7805B41F-8A41-5283-35B0-255D0D833EC8}.Debug|Any CPU.ActiveCfg = Debug|Any CPU
		{7805B41F-8A41-5283-35B0-255D0D833EC8}.Debug|Any CPU.Build.0 = Debug|Any CPU
		{7805B41F-8A41-5283-35B0-255D0D833EC8}.Release|Any CPU.ActiveCfg = Release|Any CPU
		{7805B41F-8A41-5283-35B0-255D0D833EC8}.Release|Any CPU.Build.0 = Release|Any CPU
		{A4891EB2-7323-04F7-2D9C-7C9E8C737B08}.Debug|Any CPU.ActiveCfg = Debug|Any CPU
		{A4891EB2-7323-04F7-2D9C-7C9E8C737B08}.Debug|Any CPU.Build.0 = Debug|Any CPU
		{A4891EB2-7323-04F7-2D9C-7C9E8C737B08}.Release|Any CPU.ActiveCfg = Release|Any CPU
		{A4891EB2-7323-04F7-2D9C-7C9E8C737B08}.Release|Any CPU.Build.0 = Release|Any CPU
	EndGlobalSection
	GlobalSection(SolutionProperties) = preSolution
		HideSolutionNode = FALSE
	EndGlobalSection
	GlobalSection(MonoDevelopProperties) = preSolution
		StartupItem = Assembly-CSharp.csproj
	EndGlobalSection
EndGlobal
